
Microsoft Visual Studio Solution File, Format Version 12.00
Project("{FAE04EC0-301F-11D3-BF4B-00C04F79EFBC}") = "APBDlab2.1", "APBDlab2.1\APBDlab2.1.csproj", "{E9349464-7005-4B6C-884A-4660AACE508E}"
EndProject
Global
	GlobalSection(SolutionConfigurationPlatforms) = preSolution
		Debug|Any CPU = Debug|Any CPU
		Release|Any CPU = Release|Any CPU
	EndGlobalSection
	GlobalSection(ProjectConfigurationPlatforms) = postSolution
		{E9349464-7005-4B6C-884A-4660AACE508E}.Debug|Any CPU.ActiveCfg = Debug|Any CPU
		{E9349464-7005-4B6C-884A-4660AACE508E}.Debug|Any CPU.Build.0 = Debug|Any CPU
		{E9349464-7005-4B6C-884A-4660AACE508E}.Release|Any CPU.ActiveCfg = Release|Any CPU
		{E9349464-7005-4B6C-884A-4660AACE508E}.Release|Any CPU.Build.0 = Release|Any CPU
	EndGlobalSection
EndGlobal
